// !$*UTF8*$!
{
	archiveVersion = 1;
	classes = {
	};
	objectVersion = 46;
	objects = {

/* Begin PBXBuildFile section */
		4909B56018FB9C1400EBF204 /* AudioToolbox.framework in Frameworks */ = {isa = PBXBuildFile; fileRef = 4AC78022160FA71C0024E877 /* AudioToolbox.framework */; };
		4909B56118FB9C1E00EBF204 /* CFNetwork.framework in Frameworks */ = {isa = PBXBuildFile; fileRef = 4AC78016160FA6780024E877 /* CFNetwork.framework */; };
		4909B56218FB9C2A00EBF204 /* CoreGraphics.framework in Frameworks */ = {isa = PBXBuildFile; fileRef = 4AC77FF9160F93500024E877 /* CoreGraphics.framework */; };
		4909B56318FB9C3400EBF204 /* CoreLocation.framework in Frameworks */ = {isa = PBXBuildFile; fileRef = 491790EE18DFC03A001B64E3 /* CoreLocation.framework */; };
		4909B56418FB9C6100EBF204 /* libz.dylib in Frameworks */ = {isa = PBXBuildFile; fileRef = 4AC78020160FA6E10024E877 /* libz.dylib */; };
		4909B56518FB9C6B00EBF204 /* MobileCoreServices.framework in Frameworks */ = {isa = PBXBuildFile; fileRef = 4AC78024160FA72B0024E877 /* MobileCoreServices.framework */; };
		4909B56618FB9C7700EBF204 /* QuartzCore.framework in Frameworks */ = {isa = PBXBuildFile; fileRef = 4AC7801C160FA6A60024E877 /* QuartzCore.framework */; };
		4909B56718FB9C7F00EBF204 /* Security.framework in Frameworks */ = {isa = PBXBuildFile; fileRef = 4AC7801A160FA6960024E877 /* Security.framework */; };
		4909B56918FB9C9800EBF204 /* SystemConfiguration.framework in Frameworks */ = {isa = PBXBuildFile; fileRef = 4AC78014160FA6660024E877 /* SystemConfiguration.framework */; };
		4909B56B18FB9DFA00EBF204 /* Social.framework in Frameworks */ = {isa = PBXBuildFile; fileRef = 4909B56A18FB9DFA00EBF204 /* Social.framework */; };
		4909B56D18FB9E0400EBF204 /* Accounts.framework in Frameworks */ = {isa = PBXBuildFile; fileRef = 4909B56C18FB9E0400EBF204 /* Accounts.framework */; };
		4909B56F18FB9E1600EBF204 /* AdSupport.framework in Frameworks */ = {isa = PBXBuildFile; fileRef = 4909B56E18FB9E1600EBF204 /* AdSupport.framework */; };
		4911752E19D89E320073C999 /* settingsgear@2x.png in Resources */ = {isa = PBXBuildFile; fileRef = 4911752D19D89E320073C999 /* settingsgear@2x.png */; };
		4911753A19DB48990073C999 /* Splash-568h@2x.png in Resources */ = {isa = PBXBuildFile; fileRef = 4911753319DB48990073C999 /* Splash-568h@2x.png */; };
		4911753B19DB48990073C999 /* Splash-667h@2x.png in Resources */ = {isa = PBXBuildFile; fileRef = 4911753419DB48990073C999 /* Splash-667h@2x.png */; };
		4911753C19DB48990073C999 /* Splash-Portrait-736@3x.png in Resources */ = {isa = PBXBuildFile; fileRef = 4911753519DB48990073C999 /* Splash-Portrait-736@3x.png */; };
		4911753D19DB48990073C999 /* Splash-Portrait.png in Resources */ = {isa = PBXBuildFile; fileRef = 4911753619DB48990073C999 /* Splash-Portrait.png */; };
		4911753E19DB48990073C999 /* Splash-Portrait@2x.png in Resources */ = {isa = PBXBuildFile; fileRef = 4911753719DB48990073C999 /* Splash-Portrait@2x.png */; };
		4911753F19DB48990073C999 /* Splash.png in Resources */ = {isa = PBXBuildFile; fileRef = 4911753819DB48990073C999 /* Splash.png */; };
		4911754019DB48990073C999 /* Splash@2x.png in Resources */ = {isa = PBXBuildFile; fileRef = 4911753919DB48990073C999 /* Splash@2x.png */; };
		49129ABE19DF477C00269A22 /* SLExpandableTableView.m in Sources */ = {isa = PBXBuildFile; fileRef = 49129ABD19DF477C00269A22 /* SLExpandableTableView.m */; };
		4921486119F05A82000A706B /* ZombieFrogGray@2x.jpg in Resources */ = {isa = PBXBuildFile; fileRef = 4921486019F05A82000A706B /* ZombieFrogGray@2x.jpg */; };
		4928788C1A0D7B040060D520 /* MessageUI.framework in Frameworks */ = {isa = PBXBuildFile; fileRef = 4928788B1A0D7B040060D520 /* MessageUI.framework */; };
		493601471A0C6CF900E99644 /* Bolts.framework in Frameworks */ = {isa = PBXBuildFile; fileRef = 493601431A0C6CF900E99644 /* Bolts.framework */; };
		493601481A0C6CF900E99644 /* Parse.framework in Frameworks */ = {isa = PBXBuildFile; fileRef = 493601441A0C6CF900E99644 /* Parse.framework */; };
		493601491A0C6CF900E99644 /* ParseFacebookUtils.framework in Frameworks */ = {isa = PBXBuildFile; fileRef = 493601451A0C6CF900E99644 /* ParseFacebookUtils.framework */; };
		4936014A1A0C6CF900E99644 /* ParseUI.framework in Frameworks */ = {isa = PBXBuildFile; fileRef = 493601461A0C6CF900E99644 /* ParseUI.framework */; };
		493601511A0D549600E99644 /* Denarri-Login-Signup-Logo@2x.png in Resources */ = {isa = PBXBuildFile; fileRef = 493601501A0D549600E99644 /* Denarri-Login-Signup-Logo@2x.png */; };
		49367D6419D0BFC50018FD80 /* MCSettingsViewController.m in Sources */ = {isa = PBXBuildFile; fileRef = 49367D6319D0BFC50018FD80 /* MCSettingsViewController.m */; };
		4939233E1960BD290024FA5F /* WebViewController.m in Sources */ = {isa = PBXBuildFile; fileRef = 4939233D1960BD290024FA5F /* WebViewController.m */; };
		493B58EC192AEFEC006C895C /* ImageViewController.m in Sources */ = {isa = PBXBuildFile; fileRef = 493B58EB192AEFEC006C895C /* ImageViewController.m */; };
		49593EAE18DCDD02004CA20C /* SearchViewController.m in Sources */ = {isa = PBXBuildFile; fileRef = 49593EAD18DCDD02004CA20C /* SearchViewController.m */; };
		49593EB118DCDD0E004CA20C /* CriteriaViewController.m in Sources */ = {isa = PBXBuildFile; fileRef = 49593EB018DCDD0E004CA20C /* CriteriaViewController.m */; };
		49593EB618DCE956004CA20C /* Default-568h@2x.png in Resources */ = {isa = PBXBuildFile; fileRef = 49593EB518DCE956004CA20C /* Default-568h@2x.png */; };
		49638AA219B3B84F00C2253F /* MySignUpViewController.m in Sources */ = {isa = PBXBuildFile; fileRef = 49638AA119B3B84F00C2253F /* MySignUpViewController.m */; };
		4964583419E3A0BC00BC43FE /* downarrow@2x.png in Resources */ = {isa = PBXBuildFile; fileRef = 4964583319E3A0BC00BC43FE /* downarrow@2x.png */; };
		4984227C1A1D351E00C6D55A /* WSCoachMarksView.m in Sources */ = {isa = PBXBuildFile; fileRef = 4984227B1A1D351E00C6D55A /* WSCoachMarksView.m */; };
		498A322419B0DB0E00F46733 /* FacebookSDK.framework in Frameworks */ = {isa = PBXBuildFile; fileRef = 498A322319B0DB0E00F46733 /* FacebookSDK.framework */; };
		49A20F3C1900524200E9B8A1 /* MainBG.jpg in Resources */ = {isa = PBXBuildFile; fileRef = 49A20F3B1900524200E9B8A1 /* MainBG.jpg */; };
		49ACF3D21900380900506502 /* MyLogInViewController.m in Sources */ = {isa = PBXBuildFile; fileRef = 49ACF3D11900380900506502 /* MyLogInViewController.m */; };
		49ACF3D51900428100506502 /* SubclassConfigViewController.m in Sources */ = {isa = PBXBuildFile; fileRef = 49ACF3D41900428100506502 /* SubclassConfigViewController.m */; };
		49AD794319AFAE6E009996D5 /* CustomTabBar.m in Sources */ = {isa = PBXBuildFile; fileRef = 49AD794219AFAE6E009996D5 /* CustomTabBar.m */; };
		49AEC2301A1953E400798C04 /* EmptyTableViewCell.m in Sources */ = {isa = PBXBuildFile; fileRef = 49AEC22F1A1953E400798C04 /* EmptyTableViewCell.m */; };
		49B0390D1911894B00D82877 /* SearchCategoryChooserViewController.m in Sources */ = {isa = PBXBuildFile; fileRef = 49B0390C1911894B00D82877 /* SearchCategoryChooserViewController.m */; };
		49B03910191189C100D82877 /* UserCategoryChooserViewController.m in Sources */ = {isa = PBXBuildFile; fileRef = 49B0390F191189C100D82877 /* UserCategoryChooserViewController.m */; };
		49B93B331A0BF3E200C6A324 /* refresh@2x.png in Resources */ = {isa = PBXBuildFile; fileRef = 49B93B321A0BF3E200C6A324 /* refresh@2x.png */; };
		49B93B351A0BF8B500C6A324 /* xbutton@2x.png in Resources */ = {isa = PBXBuildFile; fileRef = 49B93B341A0BF8B500C6A324 /* xbutton@2x.png */; };
		49BD5AB319AFD32E003F3261 /* Search@2x.png in Resources */ = {isa = PBXBuildFile; fileRef = 49BD5AB219AFD32E003F3261 /* Search@2x.png */; };
		49BD5AB919AFD880003F3261 /* MatchCenter@2x.png in Resources */ = {isa = PBXBuildFile; fileRef = 49BD5AB819AFD880003F3261 /* MatchCenter@2x.png */; };
		49BF26BF192954C400E546E7 /* iPhone 5.jpg in Resources */ = {isa = PBXBuildFile; fileRef = 49BF26BE192954C400E546E7 /* iPhone 5.jpg */; };
		49BF474719D33C9D00C9925F /* MCSettingsFormViewController.m in Sources */ = {isa = PBXBuildFile; fileRef = 49BF474619D33C9D00C9925F /* MCSettingsFormViewController.m */; };
		49C15CFD19E877DD000F8B23 /* MatchCenterViewController.m in Sources */ = {isa = PBXBuildFile; fileRef = 49593EB318DCDD5A004CA20C /* MatchCenterViewController.m */; };
		49C53ECE1A12D36A00D60D0C /* MatchCenterCell.m in Sources */ = {isa = PBXBuildFile; fileRef = 49C53ECD1A12D36A00D60D0C /* MatchCenterCell.m */; };
		49C53ED11A155ADF00D60D0C /* AsyncImageView.m in Sources */ = {isa = PBXBuildFile; fileRef = 49C53ED01A155ADF00D60D0C /* AsyncImageView.m */; };
		49C53ED31A1561C800D60D0C /* Placeholder@2x.png in Resources */ = {isa = PBXBuildFile; fileRef = 49C53ED21A1561C800D60D0C /* Placeholder@2x.png */; };
		49E7D1B1195A0E2100A556BF /* ZombieFrog.jpg in Resources */ = {isa = PBXBuildFile; fileRef = 49E7D1B0195A0E2100A556BF /* ZombieFrog.jpg */; };
		49EE475418E11D9500DFFA24 /* denarri_ios_retina@2x.png in Resources */ = {isa = PBXBuildFile; fileRef = 49EE475318E11D9500DFFA24 /* denarri_ios_retina@2x.png */; };
		49EE475718E11DFC00DFFA24 /* denarri_ios_spotlight@2x.png in Resources */ = {isa = PBXBuildFile; fileRef = 49EE475518E11DFC00DFFA24 /* denarri_ios_spotlight@2x.png */; };
		49EE475818E11DFC00DFFA24 /* denarri_ios_settings@2x.png in Resources */ = {isa = PBXBuildFile; fileRef = 49EE475618E11DFC00DFFA24 /* denarri_ios_settings@2x.png */; };
		4AC77FF6160F93500024E877 /* UIKit.framework in Frameworks */ = {isa = PBXBuildFile; fileRef = 4AC77FF5160F93500024E877 /* UIKit.framework */; };
		4AC77FF8160F93500024E877 /* Foundation.framework in Frameworks */ = {isa = PBXBuildFile; fileRef = 4AC77FF7160F93500024E877 /* Foundation.framework */; };
		4AC78000160F93500024E877 /* InfoPlist.strings in Resources */ = {isa = PBXBuildFile; fileRef = 4AC77FFE160F93500024E877 /* InfoPlist.strings */; };
		4AC78002160F93500024E877 /* main.m in Sources */ = {isa = PBXBuildFile; fileRef = 4AC78001160F93500024E877 /* main.m */; };
		4AC78006160F93500024E877 /* AppDelegate.m in Sources */ = {isa = PBXBuildFile; fileRef = 4AC78005160F93500024E877 /* AppDelegate.m */; };
		4AC78009160F93500024E877 /* MainStoryboard.storyboard in Resources */ = {isa = PBXBuildFile; fileRef = 4AC78007160F93500024E877 /* MainStoryboard.storyboard */; };
		4AC7801F160FA6D50024E877 /* libsqlite3.dylib in Frameworks */ = {isa = PBXBuildFile; fileRef = 4AC7801E160FA6D50024E877 /* libsqlite3.dylib */; };
		4AC78028160FA9B10024E877 /* DefaultSettingsViewController.m in Sources */ = {isa = PBXBuildFile; fileRef = 4AC78027160FA9B10024E877 /* DefaultSettingsViewController.m */; };
/* End PBXBuildFile section */

/* Begin PBXFileReference section */
		4909B56A18FB9DFA00EBF204 /* Social.framework */ = {isa = PBXFileReference; lastKnownFileType = wrapper.framework; name = Social.framework; path = System/Library/Frameworks/Social.framework; sourceTree = SDKROOT; };
		4909B56C18FB9E0400EBF204 /* Accounts.framework */ = {isa = PBXFileReference; lastKnownFileType = wrapper.framework; name = Accounts.framework; path = System/Library/Frameworks/Accounts.framework; sourceTree = SDKROOT; };
		4909B56E18FB9E1600EBF204 /* AdSupport.framework */ = {isa = PBXFileReference; lastKnownFileType = wrapper.framework; name = AdSupport.framework; path = System/Library/Frameworks/AdSupport.framework; sourceTree = SDKROOT; };
		4911752D19D89E320073C999 /* settingsgear@2x.png */ = {isa = PBXFileReference; lastKnownFileType = image.png; path = "settingsgear@2x.png"; sourceTree = "<group>"; };
		4911753319DB48990073C999 /* Splash-568h@2x.png */ = {isa = PBXFileReference; lastKnownFileType = image.png; path = "Splash-568h@2x.png"; sourceTree = "<group>"; };
		4911753419DB48990073C999 /* Splash-667h@2x.png */ = {isa = PBXFileReference; lastKnownFileType = image.png; path = "Splash-667h@2x.png"; sourceTree = "<group>"; };
		4911753519DB48990073C999 /* Splash-Portrait-736@3x.png */ = {isa = PBXFileReference; lastKnownFileType = image.png; path = "Splash-Portrait-736@3x.png"; sourceTree = "<group>"; };
		4911753619DB48990073C999 /* Splash-Portrait.png */ = {isa = PBXFileReference; lastKnownFileType = image.png; path = "Splash-Portrait.png"; sourceTree = "<group>"; };
		4911753719DB48990073C999 /* Splash-Portrait@2x.png */ = {isa = PBXFileReference; lastKnownFileType = image.png; path = "Splash-Portrait@2x.png"; sourceTree = "<group>"; };
		4911753819DB48990073C999 /* Splash.png */ = {isa = PBXFileReference; lastKnownFileType = image.png; path = Splash.png; sourceTree = "<group>"; };
		4911753919DB48990073C999 /* Splash@2x.png */ = {isa = PBXFileReference; lastKnownFileType = image.png; path = "Splash@2x.png"; sourceTree = "<group>"; };
		49129ABC19DF477C00269A22 /* SLExpandableTableView.h */ = {isa = PBXFileReference; fileEncoding = 4; lastKnownFileType = sourcecode.c.h; path = SLExpandableTableView.h; sourceTree = "<group>"; };
		49129ABD19DF477C00269A22 /* SLExpandableTableView.m */ = {isa = PBXFileReference; fileEncoding = 4; lastKnownFileType = sourcecode.c.objc; path = SLExpandableTableView.m; sourceTree = "<group>"; };
		491790EE18DFC03A001B64E3 /* CoreLocation.framework */ = {isa = PBXFileReference; lastKnownFileType = wrapper.framework; name = CoreLocation.framework; path = System/Library/Frameworks/CoreLocation.framework; sourceTree = SDKROOT; };
		4921486019F05A82000A706B /* ZombieFrogGray@2x.jpg */ = {isa = PBXFileReference; lastKnownFileType = image.jpeg; path = "ZombieFrogGray@2x.jpg"; sourceTree = "<group>"; };
		4928788B1A0D7B040060D520 /* MessageUI.framework */ = {isa = PBXFileReference; lastKnownFileType = wrapper.framework; name = MessageUI.framework; path = System/Library/Frameworks/MessageUI.framework; sourceTree = SDKROOT; };
		493601431A0C6CF900E99644 /* Bolts.framework */ = {isa = PBXFileReference; lastKnownFileType = wrapper.framework; path = Bolts.framework; sourceTree = "<group>"; };
		493601441A0C6CF900E99644 /* Parse.framework */ = {isa = PBXFileReference; lastKnownFileType = wrapper.framework; path = Parse.framework; sourceTree = "<group>"; };
		493601451A0C6CF900E99644 /* ParseFacebookUtils.framework */ = {isa = PBXFileReference; lastKnownFileType = wrapper.framework; path = ParseFacebookUtils.framework; sourceTree = "<group>"; };
		493601461A0C6CF900E99644 /* ParseUI.framework */ = {isa = PBXFileReference; lastKnownFileType = wrapper.framework; path = ParseUI.framework; sourceTree = "<group>"; };
		493601501A0D549600E99644 /* Denarri-Login-Signup-Logo@2x.png */ = {isa = PBXFileReference; lastKnownFileType = image.png; path = "Denarri-Login-Signup-Logo@2x.png"; sourceTree = "<group>"; };
		49367D6219D0BFC50018FD80 /* MCSettingsViewController.h */ = {isa = PBXFileReference; fileEncoding = 4; lastKnownFileType = sourcecode.c.h; path = MCSettingsViewController.h; sourceTree = "<group>"; };
		49367D6319D0BFC50018FD80 /* MCSettingsViewController.m */ = {isa = PBXFileReference; fileEncoding = 4; lastKnownFileType = sourcecode.c.objc; path = MCSettingsViewController.m; sourceTree = "<group>"; };
		4939233C1960BD290024FA5F /* WebViewController.h */ = {isa = PBXFileReference; fileEncoding = 4; lastKnownFileType = sourcecode.c.h; path = WebViewController.h; sourceTree = "<group>"; };
		4939233D1960BD290024FA5F /* WebViewController.m */ = {isa = PBXFileReference; fileEncoding = 4; lastKnownFileType = sourcecode.c.objc; path = WebViewController.m; sourceTree = "<group>"; };
		493B58EA192AEFEC006C895C /* ImageViewController.h */ = {isa = PBXFileReference; fileEncoding = 4; lastKnownFileType = sourcecode.c.h; path = ImageViewController.h; sourceTree = "<group>"; };
		493B58EB192AEFEC006C895C /* ImageViewController.m */ = {isa = PBXFileReference; fileEncoding = 4; lastKnownFileType = sourcecode.c.objc; path = ImageViewController.m; sourceTree = "<group>"; };
		49593EAC18DCDD02004CA20C /* SearchViewController.h */ = {isa = PBXFileReference; fileEncoding = 4; lastKnownFileType = sourcecode.c.h; path = SearchViewController.h; sourceTree = "<group>"; };
		49593EAD18DCDD02004CA20C /* SearchViewController.m */ = {isa = PBXFileReference; fileEncoding = 4; lastKnownFileType = sourcecode.c.objc; path = SearchViewController.m; sourceTree = "<group>"; };
		49593EAF18DCDD0E004CA20C /* CriteriaViewController.h */ = {isa = PBXFileReference; fileEncoding = 4; lastKnownFileType = sourcecode.c.h; path = CriteriaViewController.h; sourceTree = "<group>"; };
		49593EB018DCDD0E004CA20C /* CriteriaViewController.m */ = {isa = PBXFileReference; fileEncoding = 4; lastKnownFileType = sourcecode.c.objc; path = CriteriaViewController.m; sourceTree = "<group>"; };
		49593EB218DCDD5A004CA20C /* MatchCenterViewController.h */ = {isa = PBXFileReference; fileEncoding = 4; lastKnownFileType = sourcecode.c.h; path = MatchCenterViewController.h; sourceTree = "<group>"; };
		49593EB318DCDD5A004CA20C /* MatchCenterViewController.m */ = {isa = PBXFileReference; fileEncoding = 4; lastKnownFileType = sourcecode.c.objc; path = MatchCenterViewController.m; sourceTree = "<group>"; };
		49593EB518DCE956004CA20C /* Default-568h@2x.png */ = {isa = PBXFileReference; lastKnownFileType = image.png; path = "Default-568h@2x.png"; sourceTree = "<group>"; };
		49638AA019B3B84F00C2253F /* MySignUpViewController.h */ = {isa = PBXFileReference; fileEncoding = 4; lastKnownFileType = sourcecode.c.h; path = MySignUpViewController.h; sourceTree = "<group>"; };
		49638AA119B3B84F00C2253F /* MySignUpViewController.m */ = {isa = PBXFileReference; fileEncoding = 4; lastKnownFileType = sourcecode.c.objc; path = MySignUpViewController.m; sourceTree = "<group>"; };
		4964583319E3A0BC00BC43FE /* downarrow@2x.png */ = {isa = PBXFileReference; lastKnownFileType = image.png; path = "downarrow@2x.png"; sourceTree = "<group>"; };
		4984227A1A1D351E00C6D55A /* WSCoachMarksView.h */ = {isa = PBXFileReference; fileEncoding = 4; lastKnownFileType = sourcecode.c.h; path = WSCoachMarksView.h; sourceTree = "<group>"; };
		4984227B1A1D351E00C6D55A /* WSCoachMarksView.m */ = {isa = PBXFileReference; fileEncoding = 4; lastKnownFileType = sourcecode.c.objc; path = WSCoachMarksView.m; sourceTree = "<group>"; };
		498A322319B0DB0E00F46733 /* FacebookSDK.framework */ = {isa = PBXFileReference; lastKnownFileType = wrapper.framework; name = FacebookSDK.framework; path = ../../../Documents/FacebookSDK/FacebookSDK.framework; sourceTree = "<group>"; };
		49A20F3B1900524200E9B8A1 /* MainBG.jpg */ = {isa = PBXFileReference; lastKnownFileType = image.jpeg; path = MainBG.jpg; sourceTree = "<group>"; };
		49ACF3D01900380900506502 /* MyLogInViewController.h */ = {isa = PBXFileReference; fileEncoding = 4; lastKnownFileType = sourcecode.c.h; path = MyLogInViewController.h; sourceTree = "<group>"; };
		49ACF3D11900380900506502 /* MyLogInViewController.m */ = {isa = PBXFileReference; fileEncoding = 4; lastKnownFileType = sourcecode.c.objc; path = MyLogInViewController.m; sourceTree = "<group>"; };
		49ACF3D31900428100506502 /* SubclassConfigViewController.h */ = {isa = PBXFileReference; fileEncoding = 4; lastKnownFileType = sourcecode.c.h; path = SubclassConfigViewController.h; sourceTree = "<group>"; };
		49ACF3D41900428100506502 /* SubclassConfigViewController.m */ = {isa = PBXFileReference; fileEncoding = 4; lastKnownFileType = sourcecode.c.objc; path = SubclassConfigViewController.m; sourceTree = "<group>"; };
		49AD794119AFAE6E009996D5 /* CustomTabBar.h */ = {isa = PBXFileReference; fileEncoding = 4; lastKnownFileType = sourcecode.c.h; path = CustomTabBar.h; sourceTree = "<group>"; };
		49AD794219AFAE6E009996D5 /* CustomTabBar.m */ = {isa = PBXFileReference; fileEncoding = 4; lastKnownFileType = sourcecode.c.objc; path = CustomTabBar.m; sourceTree = "<group>"; };
		49AEC22E1A1953E400798C04 /* EmptyTableViewCell.h */ = {isa = PBXFileReference; fileEncoding = 4; lastKnownFileType = sourcecode.c.h; path = EmptyTableViewCell.h; sourceTree = "<group>"; };
		49AEC22F1A1953E400798C04 /* EmptyTableViewCell.m */ = {isa = PBXFileReference; fileEncoding = 4; lastKnownFileType = sourcecode.c.objc; path = EmptyTableViewCell.m; sourceTree = "<group>"; };
		49B0390B1911894B00D82877 /* SearchCategoryChooserViewController.h */ = {isa = PBXFileReference; fileEncoding = 4; lastKnownFileType = sourcecode.c.h; path = SearchCategoryChooserViewController.h; sourceTree = "<group>"; };
		49B0390C1911894B00D82877 /* SearchCategoryChooserViewController.m */ = {isa = PBXFileReference; fileEncoding = 4; lastKnownFileType = sourcecode.c.objc; path = SearchCategoryChooserViewController.m; sourceTree = "<group>"; };
		49B0390E191189C100D82877 /* UserCategoryChooserViewController.h */ = {isa = PBXFileReference; fileEncoding = 4; lastKnownFileType = sourcecode.c.h; path = UserCategoryChooserViewController.h; sourceTree = "<group>"; };
		49B0390F191189C100D82877 /* UserCategoryChooserViewController.m */ = {isa = PBXFileReference; fileEncoding = 4; lastKnownFileType = sourcecode.c.objc; path = UserCategoryChooserViewController.m; sourceTree = "<group>"; };
		49B93B321A0BF3E200C6A324 /* refresh@2x.png */ = {isa = PBXFileReference; lastKnownFileType = image.png; path = "refresh@2x.png"; sourceTree = "<group>"; };
		49B93B341A0BF8B500C6A324 /* xbutton@2x.png */ = {isa = PBXFileReference; lastKnownFileType = image.png; path = "xbutton@2x.png"; sourceTree = "<group>"; };
		49BD5AB219AFD32E003F3261 /* Search@2x.png */ = {isa = PBXFileReference; lastKnownFileType = image.png; path = "Search@2x.png"; sourceTree = "<group>"; };
		49BD5AB819AFD880003F3261 /* MatchCenter@2x.png */ = {isa = PBXFileReference; lastKnownFileType = image.png; path = "MatchCenter@2x.png"; sourceTree = "<group>"; };
		49BF26BE192954C400E546E7 /* iPhone 5.jpg */ = {isa = PBXFileReference; lastKnownFileType = image.jpeg; path = "iPhone 5.jpg"; sourceTree = "<group>"; };
		49BF474519D33C9D00C9925F /* MCSettingsFormViewController.h */ = {isa = PBXFileReference; fileEncoding = 4; lastKnownFileType = sourcecode.c.h; path = MCSettingsFormViewController.h; sourceTree = "<group>"; };
		49BF474619D33C9D00C9925F /* MCSettingsFormViewController.m */ = {isa = PBXFileReference; fileEncoding = 4; lastKnownFileType = sourcecode.c.objc; path = MCSettingsFormViewController.m; sourceTree = "<group>"; };
		49C53ECC1A12D36A00D60D0C /* MatchCenterCell.h */ = {isa = PBXFileReference; fileEncoding = 4; lastKnownFileType = sourcecode.c.h; name = MatchCenterCell.h; path = ../MatchCenterCell.h; sourceTree = "<group>"; };
		49C53ECD1A12D36A00D60D0C /* MatchCenterCell.m */ = {isa = PBXFileReference; fileEncoding = 4; lastKnownFileType = sourcecode.c.objc; name = MatchCenterCell.m; path = ../MatchCenterCell.m; sourceTree = "<group>"; };
		49C53ECF1A155ADF00D60D0C /* AsyncImageView.h */ = {isa = PBXFileReference; fileEncoding = 4; lastKnownFileType = sourcecode.c.h; path = AsyncImageView.h; sourceTree = "<group>"; };
		49C53ED01A155ADF00D60D0C /* AsyncImageView.m */ = {isa = PBXFileReference; fileEncoding = 4; lastKnownFileType = sourcecode.c.objc; path = AsyncImageView.m; sourceTree = "<group>"; };
		49C53ED21A1561C800D60D0C /* Placeholder@2x.png */ = {isa = PBXFileReference; lastKnownFileType = image.png; path = "Placeholder@2x.png"; sourceTree = "<group>"; };
		49E7D1B0195A0E2100A556BF /* ZombieFrog.jpg */ = {isa = PBXFileReference; lastKnownFileType = image.jpeg; path = ZombieFrog.jpg; sourceTree = "<group>"; };
		49EE475318E11D9500DFFA24 /* denarri_ios_retina@2x.png */ = {isa = PBXFileReference; lastKnownFileType = image.png; path = "denarri_ios_retina@2x.png"; sourceTree = "<group>"; };
		49EE475518E11DFC00DFFA24 /* denarri_ios_spotlight@2x.png */ = {isa = PBXFileReference; lastKnownFileType = image.png; path = "denarri_ios_spotlight@2x.png"; sourceTree = "<group>"; };
		49EE475618E11DFC00DFFA24 /* denarri_ios_settings@2x.png */ = {isa = PBXFileReference; lastKnownFileType = image.png; path = "denarri_ios_settings@2x.png"; sourceTree = "<group>"; };
		4AC77FF1160F93500024E877 /* Denarri.app */ = {isa = PBXFileReference; explicitFileType = wrapper.application; includeInIndex = 0; path = Denarri.app; sourceTree = BUILT_PRODUCTS_DIR; };
		4AC77FF5160F93500024E877 /* UIKit.framework */ = {isa = PBXFileReference; lastKnownFileType = wrapper.framework; name = UIKit.framework; path = System/Library/Frameworks/UIKit.framework; sourceTree = SDKROOT; };
		4AC77FF7160F93500024E877 /* Foundation.framework */ = {isa = PBXFileReference; lastKnownFileType = wrapper.framework; name = Foundation.framework; path = System/Library/Frameworks/Foundation.framework; sourceTree = SDKROOT; };
		4AC77FF9160F93500024E877 /* CoreGraphics.framework */ = {isa = PBXFileReference; lastKnownFileType = wrapper.framework; name = CoreGraphics.framework; path = System/Library/Frameworks/CoreGraphics.framework; sourceTree = SDKROOT; };
		4AC77FFD160F93500024E877 /* Denarri-Info.plist */ = {isa = PBXFileReference; lastKnownFileType = text.plist.xml; path = "Denarri-Info.plist"; sourceTree = "<group>"; };
		4AC77FFF160F93500024E877 /* en */ = {isa = PBXFileReference; lastKnownFileType = text.plist.strings; name = en; path = en.lproj/InfoPlist.strings; sourceTree = "<group>"; };
		4AC78001160F93500024E877 /* main.m */ = {isa = PBXFileReference; lastKnownFileType = sourcecode.c.objc; path = main.m; sourceTree = "<group>"; };
		4AC78003160F93500024E877 /* Denarri-Prefix.pch */ = {isa = PBXFileReference; lastKnownFileType = sourcecode.c.h; path = "Denarri-Prefix.pch"; sourceTree = "<group>"; };
		4AC78004160F93500024E877 /* AppDelegate.h */ = {isa = PBXFileReference; lastKnownFileType = sourcecode.c.h; path = AppDelegate.h; sourceTree = "<group>"; };
		4AC78005160F93500024E877 /* AppDelegate.m */ = {isa = PBXFileReference; lastKnownFileType = sourcecode.c.objc; path = AppDelegate.m; sourceTree = "<group>"; };
		4AC78008160F93500024E877 /* en */ = {isa = PBXFileReference; lastKnownFileType = file.storyboard; name = en; path = en.lproj/MainStoryboard.storyboard; sourceTree = "<group>"; };
		4AC78014160FA6660024E877 /* SystemConfiguration.framework */ = {isa = PBXFileReference; lastKnownFileType = wrapper.framework; name = SystemConfiguration.framework; path = System/Library/Frameworks/SystemConfiguration.framework; sourceTree = SDKROOT; };
		4AC78016160FA6780024E877 /* CFNetwork.framework */ = {isa = PBXFileReference; lastKnownFileType = wrapper.framework; name = CFNetwork.framework; path = System/Library/Frameworks/CFNetwork.framework; sourceTree = SDKROOT; };
		4AC7801A160FA6960024E877 /* Security.framework */ = {isa = PBXFileReference; lastKnownFileType = wrapper.framework; name = Security.framework; path = System/Library/Frameworks/Security.framework; sourceTree = SDKROOT; };
		4AC7801C160FA6A60024E877 /* QuartzCore.framework */ = {isa = PBXFileReference; lastKnownFileType = wrapper.framework; name = QuartzCore.framework; path = System/Library/Frameworks/QuartzCore.framework; sourceTree = SDKROOT; };
		4AC7801E160FA6D50024E877 /* libsqlite3.dylib */ = {isa = PBXFileReference; lastKnownFileType = "compiled.mach-o.dylib"; name = libsqlite3.dylib; path = usr/lib/libsqlite3.dylib; sourceTree = SDKROOT; };
		4AC78020160FA6E10024E877 /* libz.dylib */ = {isa = PBXFileReference; lastKnownFileType = "compiled.mach-o.dylib"; name = libz.dylib; path = usr/lib/libz.dylib; sourceTree = SDKROOT; };
		4AC78022160FA71C0024E877 /* AudioToolbox.framework */ = {isa = PBXFileReference; lastKnownFileType = wrapper.framework; name = AudioToolbox.framework; path = System/Library/Frameworks/AudioToolbox.framework; sourceTree = SDKROOT; };
		4AC78024160FA72B0024E877 /* MobileCoreServices.framework */ = {isa = PBXFileReference; lastKnownFileType = wrapper.framework; name = MobileCoreServices.framework; path = System/Library/Frameworks/MobileCoreServices.framework; sourceTree = SDKROOT; };
		4AC78026160FA9B10024E877 /* DefaultSettingsViewController.h */ = {isa = PBXFileReference; fileEncoding = 4; lastKnownFileType = sourcecode.c.h; path = DefaultSettingsViewController.h; sourceTree = "<group>"; };
		4AC78027160FA9B10024E877 /* DefaultSettingsViewController.m */ = {isa = PBXFileReference; fileEncoding = 4; lastKnownFileType = sourcecode.c.objc; path = DefaultSettingsViewController.m; sourceTree = "<group>"; };
/* End PBXFileReference section */

/* Begin PBXFrameworksBuildPhase section */
		4AC77FEE160F93500024E877 /* Frameworks */ = {
			isa = PBXFrameworksBuildPhase;
			buildActionMask = 2147483647;
			files = (
				4928788C1A0D7B040060D520 /* MessageUI.framework in Frameworks */,
				4909B56F18FB9E1600EBF204 /* AdSupport.framework in Frameworks */,
				4909B56D18FB9E0400EBF204 /* Accounts.framework in Frameworks */,
				4936014A1A0C6CF900E99644 /* ParseUI.framework in Frameworks */,
				4909B56B18FB9DFA00EBF204 /* Social.framework in Frameworks */,
				4909B56918FB9C9800EBF204 /* SystemConfiguration.framework in Frameworks */,
				498A322419B0DB0E00F46733 /* FacebookSDK.framework in Frameworks */,
				493601491A0C6CF900E99644 /* ParseFacebookUtils.framework in Frameworks */,
				4909B56718FB9C7F00EBF204 /* Security.framework in Frameworks */,
				4909B56618FB9C7700EBF204 /* QuartzCore.framework in Frameworks */,
				4909B56518FB9C6B00EBF204 /* MobileCoreServices.framework in Frameworks */,
				4909B56418FB9C6100EBF204 /* libz.dylib in Frameworks */,
				4909B56318FB9C3400EBF204 /* CoreLocation.framework in Frameworks */,
				493601481A0C6CF900E99644 /* Parse.framework in Frameworks */,
				4909B56218FB9C2A00EBF204 /* CoreGraphics.framework in Frameworks */,
				4909B56118FB9C1E00EBF204 /* CFNetwork.framework in Frameworks */,
				493601471A0C6CF900E99644 /* Bolts.framework in Frameworks */,
				4909B56018FB9C1400EBF204 /* AudioToolbox.framework in Frameworks */,
				4AC7801F160FA6D50024E877 /* libsqlite3.dylib in Frameworks */,
				4AC77FF6160F93500024E877 /* UIKit.framework in Frameworks */,
				4AC77FF8160F93500024E877 /* Foundation.framework in Frameworks */,
			);
			runOnlyForDeploymentPostprocessing = 0;
		};
/* End PBXFrameworksBuildPhase section */

/* Begin PBXGroup section */
		4936014B1A0C702B00E99644 /* Images */ = {
			isa = PBXGroup;
			children = (
				49C53ED21A1561C800D60D0C /* Placeholder@2x.png */,
				493601501A0D549600E99644 /* Denarri-Login-Signup-Logo@2x.png */,
				49BF26BE192954C400E546E7 /* iPhone 5.jpg */,
				49A20F3B1900524200E9B8A1 /* MainBG.jpg */,
				49E7D1B0195A0E2100A556BF /* ZombieFrog.jpg */,
				4921486019F05A82000A706B /* ZombieFrogGray@2x.jpg */,
				49BD5AB219AFD32E003F3261 /* Search@2x.png */,
				49BD5AB819AFD880003F3261 /* MatchCenter@2x.png */,
				4911752D19D89E320073C999 /* settingsgear@2x.png */,
				4911753319DB48990073C999 /* Splash-568h@2x.png */,
				4911753419DB48990073C999 /* Splash-667h@2x.png */,
				4911753519DB48990073C999 /* Splash-Portrait-736@3x.png */,
				4911753619DB48990073C999 /* Splash-Portrait.png */,
				4911753719DB48990073C999 /* Splash-Portrait@2x.png */,
				4911753819DB48990073C999 /* Splash.png */,
				4911753919DB48990073C999 /* Splash@2x.png */,
				4964583319E3A0BC00BC43FE /* downarrow@2x.png */,
				49B93B321A0BF3E200C6A324 /* refresh@2x.png */,
				49B93B341A0BF8B500C6A324 /* xbutton@2x.png */,
				49EE475518E11DFC00DFFA24 /* denarri_ios_spotlight@2x.png */,
				49EE475618E11DFC00DFFA24 /* denarri_ios_settings@2x.png */,
				49EE475318E11D9500DFFA24 /* denarri_ios_retina@2x.png */,
				49593EB518DCE956004CA20C /* Default-568h@2x.png */,
			);
			name = Images;
			sourceTree = "<group>";
		};
		4AC77FE6160F934F0024E877 = {
			isa = PBXGroup;
			children = (
				4936014B1A0C702B00E99644 /* Images */,
				4AC77FFB160F93500024E877 /* Denarri */,
				4AC77FF4160F93500024E877 /* Frameworks */,
				4AC77FF2160F93500024E877 /* Products */,
			);
			sourceTree = "<group>";
		};
		4AC77FF2160F93500024E877 /* Products */ = {
			isa = PBXGroup;
			children = (
				4AC77FF1160F93500024E877 /* Denarri.app */,
			);
			name = Products;
			sourceTree = "<group>";
		};
		4AC77FF4160F93500024E877 /* Frameworks */ = {
			isa = PBXGroup;
			children = (
				4928788B1A0D7B040060D520 /* MessageUI.framework */,
				493601431A0C6CF900E99644 /* Bolts.framework */,
				493601441A0C6CF900E99644 /* Parse.framework */,
				493601451A0C6CF900E99644 /* ParseFacebookUtils.framework */,
				493601461A0C6CF900E99644 /* ParseUI.framework */,
				498A322319B0DB0E00F46733 /* FacebookSDK.framework */,
				4909B56E18FB9E1600EBF204 /* AdSupport.framework */,
				4909B56C18FB9E0400EBF204 /* Accounts.framework */,
				4909B56A18FB9DFA00EBF204 /* Social.framework */,
				491790EE18DFC03A001B64E3 /* CoreLocation.framework */,
				4AC78024160FA72B0024E877 /* MobileCoreServices.framework */,
				4AC78022160FA71C0024E877 /* AudioToolbox.framework */,
				4AC78020160FA6E10024E877 /* libz.dylib */,
				4AC7801E160FA6D50024E877 /* libsqlite3.dylib */,
				4AC7801C160FA6A60024E877 /* QuartzCore.framework */,
				4AC7801A160FA6960024E877 /* Security.framework */,
				4AC78016160FA6780024E877 /* CFNetwork.framework */,
				4AC78014160FA6660024E877 /* SystemConfiguration.framework */,
				4AC77FF5160F93500024E877 /* UIKit.framework */,
				4AC77FF7160F93500024E877 /* Foundation.framework */,
				4AC77FF9160F93500024E877 /* CoreGraphics.framework */,
			);
			name = Frameworks;
			sourceTree = "<group>";
		};
		4AC77FFB160F93500024E877 /* Denarri */ = {
			isa = PBXGroup;
			children = (
				4AC78007160F93500024E877 /* MainStoryboard.storyboard */,
				4AC78004160F93500024E877 /* AppDelegate.h */,
				4AC78005160F93500024E877 /* AppDelegate.m */,
				4984227A1A1D351E00C6D55A /* WSCoachMarksView.h */,
				4984227B1A1D351E00C6D55A /* WSCoachMarksView.m */,
				4AC78026160FA9B10024E877 /* DefaultSettingsViewController.h */,
				4AC78027160FA9B10024E877 /* DefaultSettingsViewController.m */,
				49ACF3D31900428100506502 /* SubclassConfigViewController.h */,
				49ACF3D41900428100506502 /* SubclassConfigViewController.m */,
				49ACF3D01900380900506502 /* MyLogInViewController.h */,
				49ACF3D11900380900506502 /* MyLogInViewController.m */,
				49638AA019B3B84F00C2253F /* MySignUpViewController.h */,
				49638AA119B3B84F00C2253F /* MySignUpViewController.m */,
				49593EAC18DCDD02004CA20C /* SearchViewController.h */,
				49593EAD18DCDD02004CA20C /* SearchViewController.m */,
				49B0390B1911894B00D82877 /* SearchCategoryChooserViewController.h */,
				49B0390C1911894B00D82877 /* SearchCategoryChooserViewController.m */,
				49B0390E191189C100D82877 /* UserCategoryChooserViewController.h */,
				49B0390F191189C100D82877 /* UserCategoryChooserViewController.m */,
				49593EAF18DCDD0E004CA20C /* CriteriaViewController.h */,
				49593EB018DCDD0E004CA20C /* CriteriaViewController.m */,
				49593EB218DCDD5A004CA20C /* MatchCenterViewController.h */,
				49593EB318DCDD5A004CA20C /* MatchCenterViewController.m */,
				49C53ECC1A12D36A00D60D0C /* MatchCenterCell.h */,
				49C53ECD1A12D36A00D60D0C /* MatchCenterCell.m */,
				49AEC22E1A1953E400798C04 /* EmptyTableViewCell.h */,
				49AEC22F1A1953E400798C04 /* EmptyTableViewCell.m */,
				49C53ECF1A155ADF00D60D0C /* AsyncImageView.h */,
				49C53ED01A155ADF00D60D0C /* AsyncImageView.m */,
				49129ABC19DF477C00269A22 /* SLExpandableTableView.h */,
				49129ABD19DF477C00269A22 /* SLExpandableTableView.m */,
				4939233C1960BD290024FA5F /* WebViewController.h */,
				4939233D1960BD290024FA5F /* WebViewController.m */,
				49367D6219D0BFC50018FD80 /* MCSettingsViewController.h */,
				49367D6319D0BFC50018FD80 /* MCSettingsViewController.m */,
				49BF474519D33C9D00C9925F /* MCSettingsFormViewController.h */,
				49BF474619D33C9D00C9925F /* MCSettingsFormViewController.m */,
				49AD794119AFAE6E009996D5 /* CustomTabBar.h */,
				49AD794219AFAE6E009996D5 /* CustomTabBar.m */,
				493B58EA192AEFEC006C895C /* ImageViewController.h */,
				493B58EB192AEFEC006C895C /* ImageViewController.m */,
				4AC77FFC160F93500024E877 /* Supporting Files */,
			);
			name = Denarri;
			path = "Parse+Storyboard";
			sourceTree = "<group>";
		};
		4AC77FFC160F93500024E877 /* Supporting Files */ = {
			isa = PBXGroup;
			children = (
				4AC77FFD160F93500024E877 /* Denarri-Info.plist */,
				4AC77FFE160F93500024E877 /* InfoPlist.strings */,
				4AC78001160F93500024E877 /* main.m */,
				4AC78003160F93500024E877 /* Denarri-Prefix.pch */,
			);
			name = "Supporting Files";
			sourceTree = "<group>";
		};
/* End PBXGroup section */

/* Begin PBXNativeTarget section */
		4AC77FF0160F93500024E877 /* Denarri */ = {
			isa = PBXNativeTarget;
			buildConfigurationList = 4AC7800F160F93500024E877 /* Build configuration list for PBXNativeTarget "Denarri" */;
			buildPhases = (
				4AC77FED160F93500024E877 /* Sources */,
				4AC77FEE160F93500024E877 /* Frameworks */,
				4AC77FEF160F93500024E877 /* Resources */,
			);
			buildRules = (
			);
			dependencies = (
			);
			name = Denarri;
			productName = "Parse+Storyboard";
			productReference = 4AC77FF1160F93500024E877 /* Denarri.app */;
			productType = "com.apple.product-type.application";
		};
/* End PBXNativeTarget section */

/* Begin PBXProject section */
		4AC77FE8160F934F0024E877 /* Project object */ = {
			isa = PBXProject;
			attributes = {
				LastUpgradeCheck = 0600;
				ORGANIZATIONNAME = "Juan Figuera";
				TargetAttributes = {
					4AC77FF0160F93500024E877 = {
						DevelopmentTeam = XTXZ3CYRPX;
						SystemCapabilities = {
							com.apple.InAppPurchase = {
								enabled = 0;
							};
						};
					};
				};
			};
			buildConfigurationList = 4AC77FEB160F934F0024E877 /* Build configuration list for PBXProject "Denarri" */;
			compatibilityVersion = "Xcode 3.2";
			developmentRegion = English;
			hasScannedForEncodings = 0;
			knownRegions = (
				en,
			);
			mainGroup = 4AC77FE6160F934F0024E877;
			productRefGroup = 4AC77FF2160F93500024E877 /* Products */;
			projectDirPath = "";
			projectRoot = "";
			targets = (
				4AC77FF0160F93500024E877 /* Denarri */,
			);
		};
/* End PBXProject section */

/* Begin PBXResourcesBuildPhase section */
		4AC77FEF160F93500024E877 /* Resources */ = {
			isa = PBXResourcesBuildPhase;
			buildActionMask = 2147483647;
			files = (
				4921486119F05A82000A706B /* ZombieFrogGray@2x.jpg in Resources */,
				493601511A0D549600E99644 /* Denarri-Login-Signup-Logo@2x.png in Resources */,
				49EE475718E11DFC00DFFA24 /* denarri_ios_spotlight@2x.png in Resources */,
				4911753B19DB48990073C999 /* Splash-667h@2x.png in Resources */,
				4AC78000160F93500024E877 /* InfoPlist.strings in Resources */,
				4AC78009160F93500024E877 /* MainStoryboard.storyboard in Resources */,
				4911753A19DB48990073C999 /* Splash-568h@2x.png in Resources */,
				49BD5AB319AFD32E003F3261 /* Search@2x.png in Resources */,
				49BF26BF192954C400E546E7 /* iPhone 5.jpg in Resources */,
				49EE475418E11D9500DFFA24 /* denarri_ios_retina@2x.png in Resources */,
				49C53ED31A1561C800D60D0C /* Placeholder@2x.png in Resources */,
				49E7D1B1195A0E2100A556BF /* ZombieFrog.jpg in Resources */,
				49A20F3C1900524200E9B8A1 /* MainBG.jpg in Resources */,
				4911754019DB48990073C999 /* Splash@2x.png in Resources */,
				4911753F19DB48990073C999 /* Splash.png in Resources */,
				4911753E19DB48990073C999 /* Splash-Portrait@2x.png in Resources */,
				49B93B331A0BF3E200C6A324 /* refresh@2x.png in Resources */,
				49BD5AB919AFD880003F3261 /* MatchCenter@2x.png in Resources */,
				4911753C19DB48990073C999 /* Splash-Portrait-736@3x.png in Resources */,
				4911752E19D89E320073C999 /* settingsgear@2x.png in Resources */,
				4911753D19DB48990073C999 /* Splash-Portrait.png in Resources */,
				49EE475818E11DFC00DFFA24 /* denarri_ios_settings@2x.png in Resources */,
				49B93B351A0BF8B500C6A324 /* xbutton@2x.png in Resources */,
				4964583419E3A0BC00BC43FE /* downarrow@2x.png in Resources */,
				49593EB618DCE956004CA20C /* Default-568h@2x.png in Resources */,
			);
			runOnlyForDeploymentPostprocessing = 0;
		};
/* End PBXResourcesBuildPhase section */

/* Begin PBXSourcesBuildPhase section */
		4AC77FED160F93500024E877 /* Sources */ = {
			isa = PBXSourcesBuildPhase;
			buildActionMask = 2147483647;
			files = (
				4AC78002160F93500024E877 /* main.m in Sources */,
				4AC78006160F93500024E877 /* AppDelegate.m in Sources */,
				49129ABE19DF477C00269A22 /* SLExpandableTableView.m in Sources */,
				49593EAE18DCDD02004CA20C /* SearchViewController.m in Sources */,
				49B03910191189C100D82877 /* UserCategoryChooserViewController.m in Sources */,
				4984227C1A1D351E00C6D55A /* WSCoachMarksView.m in Sources */,
				49AD794319AFAE6E009996D5 /* CustomTabBar.m in Sources */,
				4939233E1960BD290024FA5F /* WebViewController.m in Sources */,
				493B58EC192AEFEC006C895C /* ImageViewController.m in Sources */,
				49C15CFD19E877DD000F8B23 /* MatchCenterViewController.m in Sources */,
				49ACF3D21900380900506502 /* MyLogInViewController.m in Sources */,
				49593EB118DCDD0E004CA20C /* CriteriaViewController.m in Sources */,
				49ACF3D51900428100506502 /* SubclassConfigViewController.m in Sources */,
				49C53ED11A155ADF00D60D0C /* AsyncImageView.m in Sources */,
				49AEC2301A1953E400798C04 /* EmptyTableViewCell.m in Sources */,
				49367D6419D0BFC50018FD80 /* MCSettingsViewController.m in Sources */,
				49B0390D1911894B00D82877 /* SearchCategoryChooserViewController.m in Sources */,
				49C53ECE1A12D36A00D60D0C /* MatchCenterCell.m in Sources */,
				49638AA219B3B84F00C2253F /* MySignUpViewController.m in Sources */,
				49BF474719D33C9D00C9925F /* MCSettingsFormViewController.m in Sources */,
				4AC78028160FA9B10024E877 /* DefaultSettingsViewController.m in Sources */,
			);
			runOnlyForDeploymentPostprocessing = 0;
		};
/* End PBXSourcesBuildPhase section */

/* Begin PBXVariantGroup section */
		4AC77FFE160F93500024E877 /* InfoPlist.strings */ = {
			isa = PBXVariantGroup;
			children = (
				4AC77FFF160F93500024E877 /* en */,
			);
			name = InfoPlist.strings;
			sourceTree = "<group>";
		};
		4AC78007160F93500024E877 /* MainStoryboard.storyboard */ = {
			isa = PBXVariantGroup;
			children = (
				4AC78008160F93500024E877 /* en */,
			);
			name = MainStoryboard.storyboard;
			sourceTree = "<group>";
		};
/* End PBXVariantGroup section */

/* Begin XCBuildConfiguration section */
		4AC7800D160F93500024E877 /* Debug */ = {
			isa = XCBuildConfiguration;
			buildSettings = {
				ALWAYS_SEARCH_USER_PATHS = NO;
				CLANG_CXX_LANGUAGE_STANDARD = "gnu++0x";
				CLANG_ENABLE_OBJC_ARC = YES;
				CLANG_WARN_BOOL_CONVERSION = YES;
				CLANG_WARN_CONSTANT_CONVERSION = YES;
				CLANG_WARN_EMPTY_BODY = YES;
				CLANG_WARN_ENUM_CONVERSION = YES;
				CLANG_WARN_INT_CONVERSION = YES;
				CLANG_WARN_UNREACHABLE_CODE = YES;
				CLANG_WARN__DUPLICATE_METHOD_MATCH = YES;
				CODE_SIGN_IDENTITY = "iPhone Distribution: Andrew Ghobrial (XTXZ3CYRPX)";
				"CODE_SIGN_IDENTITY[sdk=iphoneos*]" = "iPhone Distribution: Andrew Ghobrial (XTXZ3CYRPX)";
				COPY_PHASE_STRIP = NO;
				ENABLE_STRICT_OBJC_MSGSEND = YES;
				GCC_C_LANGUAGE_STANDARD = gnu99;
				GCC_DYNAMIC_NO_PIC = NO;
				GCC_OPTIMIZATION_LEVEL = 0;
				GCC_PREPROCESSOR_DEFINITIONS = (
					"DEBUG=1",
					"$(inherited)",
				);
				GCC_SYMBOLS_PRIVATE_EXTERN = NO;
				GCC_VERSION = com.apple.compilers.llvm.clang.1_0;
				GCC_WARN_64_TO_32_BIT_CONVERSION = YES;
				GCC_WARN_ABOUT_RETURN_TYPE = YES;
				GCC_WARN_UNDECLARED_SELECTOR = YES;
				GCC_WARN_UNINITIALIZED_AUTOS = YES;
				GCC_WARN_UNUSED_FUNCTION = YES;
				GCC_WARN_UNUSED_VARIABLE = YES;
				IPHONEOS_DEPLOYMENT_TARGET = 7.0;
				ONLY_ACTIVE_ARCH = YES;
				PROVISIONING_PROFILE = "b949b329-4463-4ab0-8b30-8e1d750b75e4";
				SDKROOT = iphoneos;
			};
			name = Debug;
		};
		4AC7800E160F93500024E877 /* Release */ = {
			isa = XCBuildConfiguration;
			buildSettings = {
				ALWAYS_SEARCH_USER_PATHS = NO;
				CLANG_CXX_LANGUAGE_STANDARD = "gnu++0x";
				CLANG_ENABLE_OBJC_ARC = YES;
				CLANG_WARN_BOOL_CONVERSION = YES;
				CLANG_WARN_CONSTANT_CONVERSION = YES;
				CLANG_WARN_EMPTY_BODY = YES;
				CLANG_WARN_ENUM_CONVERSION = YES;
				CLANG_WARN_INT_CONVERSION = YES;
				CLANG_WARN_UNREACHABLE_CODE = YES;
				CLANG_WARN__DUPLICATE_METHOD_MATCH = YES;
				CODE_SIGN_IDENTITY = "iPhone Distribution: Andrew Ghobrial (XTXZ3CYRPX)";
				"CODE_SIGN_IDENTITY[sdk=iphoneos*]" = "iPhone Distribution: Andrew Ghobrial (XTXZ3CYRPX)";
				COPY_PHASE_STRIP = YES;
				ENABLE_STRICT_OBJC_MSGSEND = YES;
				GCC_C_LANGUAGE_STANDARD = gnu99;
				GCC_VERSION = com.apple.compilers.llvm.clang.1_0;
				GCC_WARN_64_TO_32_BIT_CONVERSION = YES;
				GCC_WARN_ABOUT_RETURN_TYPE = YES;
				GCC_WARN_UNDECLARED_SELECTOR = YES;
				GCC_WARN_UNINITIALIZED_AUTOS = YES;
				GCC_WARN_UNUSED_FUNCTION = YES;
				GCC_WARN_UNUSED_VARIABLE = YES;
				IPHONEOS_DEPLOYMENT_TARGET = 7.0;
				OTHER_CFLAGS = "-DNS_BLOCK_ASSERTIONS=1";
				PROVISIONING_PROFILE = "b949b329-4463-4ab0-8b30-8e1d750b75e4";
				SDKROOT = iphoneos;
				VALIDATE_PRODUCT = YES;
			};
			name = Release;
		};
		4AC78010160F93500024E877 /* Debug */ = {
			isa = XCBuildConfiguration;
			buildSettings = {
				CODE_SIGN_IDENTITY = "iPhone Distribution: Andrew Ghobrial (XTXZ3CYRPX)";
				"CODE_SIGN_IDENTITY[sdk=iphoneos*]" = "iPhone Distribution: Andrew Ghobrial (XTXZ3CYRPX)";
				FRAMEWORK_SEARCH_PATHS = (
					"$(inherited)",
					"$(SRCROOT)",
					"$(PROJECT_DIR)",
					/Users/andrew/Documents/FacebookSDK,
				);
				GCC_PRECOMPILE_PREFIX_HEADER = YES;
				GCC_PREFIX_HEADER = "Parse+Storyboard/Denarri-Prefix.pch";
				INFOPLIST_FILE = "Parse+Storyboard/Denarri-Info.plist";
				IPHONEOS_DEPLOYMENT_TARGET = 7.0;
				PRODUCT_NAME = Denarri;
				PROVISIONING_PROFILE = "b949b329-4463-4ab0-8b30-8e1d750b75e4";
				TARGETED_DEVICE_FAMILY = 1;
				WRAPPER_EXTENSION = app;
			};
			name = Debug;
		};
		4AC78011160F93500024E877 /* Release */ = {
			isa = XCBuildConfiguration;
			buildSettings = {
				CODE_SIGN_IDENTITY = "iPhone Distribution: Andrew Ghobrial (XTXZ3CYRPX)";
				"CODE_SIGN_IDENTITY[sdk=iphoneos*]" = "iPhone Distribution: Andrew Ghobrial (XTXZ3CYRPX)";
				FRAMEWORK_SEARCH_PATHS = (
					"$(inherited)",
					"$(SRCROOT)",
					"$(PROJECT_DIR)",
					/Users/andrew/Documents/FacebookSDK,
				);
				GCC_PRECOMPILE_PREFIX_HEADER = YES;
				GCC_PREFIX_HEADER = "Parse+Storyboard/Denarri-Prefix.pch";
				INFOPLIST_FILE = "Parse+Storyboard/Denarri-Info.plist";
				IPHONEOS_DEPLOYMENT_TARGET = 7.0;
				PRODUCT_NAME = Denarri;
				PROVISIONING_PROFILE = "b949b329-4463-4ab0-8b30-8e1d750b75e4";
				TARGETED_DEVICE_FAMILY = 1;
				WRAPPER_EXTENSION = app;
			};
			name = Release;
		};
/* End XCBuildConfiguration section */

/* Begin XCConfigurationList section */
		4AC77FEB160F934F0024E877 /* Build configuration list for PBXProject "Denarri" */ = {
			isa = XCConfigurationList;
			buildConfigurations = (
				4AC7800D160F93500024E877 /* Debug */,
				4AC7800E160F93500024E877 /* Release */,
			);
			defaultConfigurationIsVisible = 0;
			defaultConfigurationName = Release;
		};
		4AC7800F160F93500024E877 /* Build configuration list for PBXNativeTarget "Denarri" */ = {
			isa = XCConfigurationList;
			buildConfigurations = (
				4AC78010160F93500024E877 /* Debug */,
				4AC78011160F93500024E877 /* Release */,
			);
			defaultConfigurationIsVisible = 0;
			defaultConfigurationName = Release;
		};
/* End XCConfigurationList section */
	};
	rootObject = 4AC77FE8160F934F0024E877 /* Project object */;
}
